// !$*UTF8*$!
{
	archiveVersion = 1;
	classes = {
	};
	objectVersion = 56;
	objects = {

/* Begin PBXBuildFile section */
		5C5B493B2BC8531500AA45A0 /* GifImage.swift in Sources */ = {isa = PBXBuildFile; fileRef = 5C5B493A2BC8531500AA45A0 /* GifImage.swift */; };
		5C5B493D2BC8532100AA45A0 /* RowLogoMoving.swift in Sources */ = {isa = PBXBuildFile; fileRef = 5C5B493C2BC8532100AA45A0 /* RowLogoMoving.swift */; };
		5C672A7F2BCA68FD004B3DCB /* warawara.gif in Resources */ = {isa = PBXBuildFile; fileRef = 5C672A7E2BCA68FD004B3DCB /* warawara.gif */; };
		5C8016122BC788DE00BEEEB4 /* WhyDoYouLiveLikeThatApp.swift in Sources */ = {isa = PBXBuildFile; fileRef = 5C8016112BC788DE00BEEEB4 /* WhyDoYouLiveLikeThatApp.swift */; };
		5C8016142BC788DE00BEEEB4 /* ContentView.swift in Sources */ = {isa = PBXBuildFile; fileRef = 5C8016132BC788DE00BEEEB4 /* ContentView.swift */; };
		5C8016162BC788DF00BEEEB4 /* Assets.xcassets in Resources */ = {isa = PBXBuildFile; fileRef = 5C8016152BC788DF00BEEEB4 /* Assets.xcassets */; };
		5C8016192BC788DF00BEEEB4 /* Preview Assets.xcassets in Resources */ = {isa = PBXBuildFile; fileRef = 5C8016182BC788DF00BEEEB4 /* Preview Assets.xcassets */; };
		5C8016222BC7A18900BEEEB4 /* SplashView.swift in Sources */ = {isa = PBXBuildFile; fileRef = 5C8016212BC7A18900BEEEB4 /* SplashView.swift */; };
		5C9BED1E2BC7A2EF00861FA2 /* Color+hexColor.swift in Sources */ = {isa = PBXBuildFile; fileRef = 5C9BED1D2BC7A2EF00861FA2 /* Color+hexColor.swift */; };
		5C9BED202BC7A3A200861FA2 /* HomeView.swift in Sources */ = {isa = PBXBuildFile; fileRef = 5C9BED1F2BC7A3A200861FA2 /* HomeView.swift */; };
		5C9BED232BC7A3B900861FA2 /* MypageView.swift in Sources */ = {isa = PBXBuildFile; fileRef = 5C9BED222BC7A3B900861FA2 /* MypageView.swift */; };
		5CB0CE4F2BCD5F040092B9C6 /* ItemAddView.swift in Sources */ = {isa = PBXBuildFile; fileRef = 5CB0CE4E2BCD5F040092B9C6 /* ItemAddView.swift */; };
		5CB0CE532BCD644F0092B9C6 /* Date + DateFormatter.swift in Sources */ = {isa = PBXBuildFile; fileRef = 5CB0CE522BCD644F0092B9C6 /* Date + DateFormatter.swift */; };
		5CB0CE582BCD85410092B9C6 /* ItemCell.swift in Sources */ = {isa = PBXBuildFile; fileRef = 5CB0CE572BCD85410092B9C6 /* ItemCell.swift */; };
		5CCA384A2BCD463400A6D3EE /* CheckBoxCell.swift in Sources */ = {isa = PBXBuildFile; fileRef = 5CCA38492BCD463400A6D3EE /* CheckBoxCell.swift */; };
		5CEB13FA2BCCFA3D00DA29F9 /* CalendarView.swift in Sources */ = {isa = PBXBuildFile; fileRef = 5CEB13F92BCCFA3D00DA29F9 /* CalendarView.swift */; };
		5CEB13FC2BCCFC9C00DA29F9 /* ItemShowSheetView.swift in Sources */ = {isa = PBXBuildFile; fileRef = 5CEB13FB2BCCFC9C00DA29F9 /* ItemShowSheetView.swift */; };
/* End PBXBuildFile section */

/* Begin PBXFileReference section */
		5C5B493A2BC8531500AA45A0 /* GifImage.swift */ = {isa = PBXFileReference; lastKnownFileType = sourcecode.swift; path = GifImage.swift; sourceTree = "<group>"; };
		5C5B493C2BC8532100AA45A0 /* RowLogoMoving.swift */ = {isa = PBXFileReference; lastKnownFileType = sourcecode.swift; path = RowLogoMoving.swift; sourceTree = "<group>"; };
		5C672A7E2BCA68FD004B3DCB /* warawara.gif */ = {isa = PBXFileReference; lastKnownFileType = image.gif; name = warawara.gif; path = ../../../../Downloads/warawara.gif; sourceTree = "<group>"; };
		5C80160E2BC788DE00BEEEB4 /* WhyDoYouLiveLikeThat.app */ = {isa = PBXFileReference; explicitFileType = wrapper.application; includeInIndex = 0; path = WhyDoYouLiveLikeThat.app; sourceTree = BUILT_PRODUCTS_DIR; };
		5C8016112BC788DE00BEEEB4 /* WhyDoYouLiveLikeThatApp.swift */ = {isa = PBXFileReference; lastKnownFileType = sourcecode.swift; path = WhyDoYouLiveLikeThatApp.swift; sourceTree = "<group>"; };
		5C8016132BC788DE00BEEEB4 /* ContentView.swift */ = {isa = PBXFileReference; lastKnownFileType = sourcecode.swift; path = ContentView.swift; sourceTree = "<group>"; };
		5C8016152BC788DF00BEEEB4 /* Assets.xcassets */ = {isa = PBXFileReference; lastKnownFileType = folder.assetcatalog; path = Assets.xcassets; sourceTree = "<group>"; };
		5C8016182BC788DF00BEEEB4 /* Preview Assets.xcassets */ = {isa = PBXFileReference; lastKnownFileType = folder.assetcatalog; path = "Preview Assets.xcassets"; sourceTree = "<group>"; };
		5C8016212BC7A18900BEEEB4 /* SplashView.swift */ = {isa = PBXFileReference; lastKnownFileType = sourcecode.swift; path = SplashView.swift; sourceTree = "<group>"; };
		5C9BED1D2BC7A2EF00861FA2 /* Color+hexColor.swift */ = {isa = PBXFileReference; lastKnownFileType = sourcecode.swift; path = "Color+hexColor.swift"; sourceTree = "<group>"; };
		5C9BED1F2BC7A3A200861FA2 /* HomeView.swift */ = {isa = PBXFileReference; lastKnownFileType = sourcecode.swift; path = HomeView.swift; sourceTree = "<group>"; };
		5C9BED222BC7A3B900861FA2 /* MypageView.swift */ = {isa = PBXFileReference; lastKnownFileType = sourcecode.swift; path = MypageView.swift; sourceTree = "<group>"; };
		5CB0CE4E2BCD5F040092B9C6 /* ItemAddView.swift */ = {isa = PBXFileReference; lastKnownFileType = sourcecode.swift; path = ItemAddView.swift; sourceTree = "<group>"; };
		5CB0CE522BCD644F0092B9C6 /* Date + DateFormatter.swift */ = {isa = PBXFileReference; lastKnownFileType = sourcecode.swift; path = "Date + DateFormatter.swift"; sourceTree = "<group>"; };
		5CB0CE572BCD85410092B9C6 /* ItemCell.swift */ = {isa = PBXFileReference; lastKnownFileType = sourcecode.swift; path = ItemCell.swift; sourceTree = "<group>"; };
		5CCA38492BCD463400A6D3EE /* CheckBoxCell.swift */ = {isa = PBXFileReference; lastKnownFileType = sourcecode.swift; path = CheckBoxCell.swift; sourceTree = "<group>"; };
		5CEB13F92BCCFA3D00DA29F9 /* CalendarView.swift */ = {isa = PBXFileReference; lastKnownFileType = sourcecode.swift; path = CalendarView.swift; sourceTree = "<group>"; };
		5CEB13FB2BCCFC9C00DA29F9 /* ItemShowSheetView.swift */ = {isa = PBXFileReference; lastKnownFileType = sourcecode.swift; path = ItemShowSheetView.swift; sourceTree = "<group>"; };
/* End PBXFileReference section */

/* Begin PBXFrameworksBuildPhase section */
		5C80160B2BC788DE00BEEEB4 /* Frameworks */ = {
			isa = PBXFrameworksBuildPhase;
			buildActionMask = 2147483647;
			files = (
			);
			runOnlyForDeploymentPostprocessing = 0;
		};
/* End PBXFrameworksBuildPhase section */

/* Begin PBXGroup section */
		5C8016052BC788DE00BEEEB4 = {
			isa = PBXGroup;
			children = (
				5C8016102BC788DE00BEEEB4 /* WhyDoYouLiveLikeThat */,
				5C80160F2BC788DE00BEEEB4 /* Products */,
			);
			sourceTree = "<group>";
		};
		5C80160F2BC788DE00BEEEB4 /* Products */ = {
			isa = PBXGroup;
			children = (
				5C80160E2BC788DE00BEEEB4 /* WhyDoYouLiveLikeThat.app */,
			);
			name = Products;
			sourceTree = "<group>";
		};
		5C8016102BC788DE00BEEEB4 /* WhyDoYouLiveLikeThat */ = {
			isa = PBXGroup;
			children = (
				5CB0CE512BCD63E50092B9C6 /* Model */,
				5CB0CE502BCD63DD0092B9C6 /* ViewModel */,
				5C9BED1C2BC7A2DA00861FA2 /* Utills */,
				5C9BED212BC7A3AA00861FA2 /* View */,
				5C8016112BC788DE00BEEEB4 /* WhyDoYouLiveLikeThatApp.swift */,
				5C672A7E2BCA68FD004B3DCB /* warawara.gif */,
				5C8016152BC788DF00BEEEB4 /* Assets.xcassets */,
				5C8016172BC788DF00BEEEB4 /* Preview Content */,
			);
			path = WhyDoYouLiveLikeThat;
			sourceTree = "<group>";
		};
		5C8016172BC788DF00BEEEB4 /* Preview Content */ = {
			isa = PBXGroup;
			children = (
				5C8016182BC788DF00BEEEB4 /* Preview Assets.xcassets */,
			);
			path = "Preview Content";
			sourceTree = "<group>";
		};
		5C9BED1C2BC7A2DA00861FA2 /* Utills */ = {
			isa = PBXGroup;
			children = (
				5C9BED1D2BC7A2EF00861FA2 /* Color+hexColor.swift */,
				5C8016212BC7A18900BEEEB4 /* SplashView.swift */,
				5CB0CE522BCD644F0092B9C6 /* Date + DateFormatter.swift */,
			);
			path = Utills;
			sourceTree = "<group>";
		};
		5C9BED212BC7A3AA00861FA2 /* View */ = {
			isa = PBXGroup;
			children = (
				5CB0CE562BCD84D20092B9C6 /* Item */,
				5CA9763A2BC834B300AE460E /* Mypage */,
				5CA976392BC834AB00AE460E /* Calendar */,
				5C8016132BC788DE00BEEEB4 /* ContentView.swift */,
			);
			path = View;
			sourceTree = "<group>";
		};
		5CA976392BC834AB00AE460E /* Calendar */ = {
			isa = PBXGroup;
			children = (
				5C9BED1F2BC7A3A200861FA2 /* HomeView.swift */,
				5C5B493A2BC8531500AA45A0 /* GifImage.swift */,
				5C5B493C2BC8532100AA45A0 /* RowLogoMoving.swift */,
				5CCA38492BCD463400A6D3EE /* CheckBoxCell.swift */,
				5CEB13F92BCCFA3D00DA29F9 /* CalendarView.swift */,
			);
			path = Calendar;
			sourceTree = "<group>";
		};
		5CA9763A2BC834B300AE460E /* Mypage */ = {
			isa = PBXGroup;
			children = (
				5C9BED222BC7A3B900861FA2 /* MypageView.swift */,
			);
			path = Mypage;
			sourceTree = "<group>";
		};
		5CB0CE502BCD63DD0092B9C6 /* ViewModel */ = {
			isa = PBXGroup;
			children = (
			);
			path = ViewModel;
			sourceTree = "<group>";
		};
		5CB0CE512BCD63E50092B9C6 /* Model */ = {
			isa = PBXGroup;
			children = (
			);
			path = Model;
			sourceTree = "<group>";
		};
		5CB0CE562BCD84D20092B9C6 /* Item */ = {
			isa = PBXGroup;
			children = (
				5CB0CE4E2BCD5F040092B9C6 /* ItemAddView.swift */,
				5CEB13FB2BCCFC9C00DA29F9 /* ItemShowSheetView.swift */,
				5CB0CE572BCD85410092B9C6 /* ItemCell.swift */,
			);
			path = Item;
			sourceTree = "<group>";
		};
/* End PBXGroup section */

/* Begin PBXNativeTarget section */
		5C80160D2BC788DE00BEEEB4 /* WhyDoYouLiveLikeThat */ = {
			isa = PBXNativeTarget;
			buildConfigurationList = 5C80161C2BC788DF00BEEEB4 /* Build configuration list for PBXNativeTarget "WhyDoYouLiveLikeThat" */;
			buildPhases = (
				5C80160A2BC788DE00BEEEB4 /* Sources */,
				5C80160B2BC788DE00BEEEB4 /* Frameworks */,
				5C80160C2BC788DE00BEEEB4 /* Resources */,
			);
			buildRules = (
			);
			dependencies = (
			);
			name = WhyDoYouLiveLikeThat;
			productName = WhyDoYouLiveLikeThat;
			productReference = 5C80160E2BC788DE00BEEEB4 /* WhyDoYouLiveLikeThat.app */;
			productType = "com.apple.product-type.application";
		};
/* End PBXNativeTarget section */

/* Begin PBXProject section */
		5C8016062BC788DE00BEEEB4 /* Project object */ = {
			isa = PBXProject;
			attributes = {
				BuildIndependentTargetsInParallel = 1;
				LastSwiftUpdateCheck = 1530;
				LastUpgradeCheck = 1530;
				TargetAttributes = {
					5C80160D2BC788DE00BEEEB4 = {
						CreatedOnToolsVersion = 15.3;
					};
				};
			};
			buildConfigurationList = 5C8016092BC788DE00BEEEB4 /* Build configuration list for PBXProject "WhyDoYouLiveLikeThat" */;
			compatibilityVersion = "Xcode 14.0";
			developmentRegion = ko;
			hasScannedForEncodings = 0;
			knownRegions = (
				en,
				Base,
				ko,
			);
			mainGroup = 5C8016052BC788DE00BEEEB4;
			productRefGroup = 5C80160F2BC788DE00BEEEB4 /* Products */;
			projectDirPath = "";
			projectRoot = "";
			targets = (
				5C80160D2BC788DE00BEEEB4 /* WhyDoYouLiveLikeThat */,
			);
		};
/* End PBXProject section */

/* Begin PBXResourcesBuildPhase section */
		5C80160C2BC788DE00BEEEB4 /* Resources */ = {
			isa = PBXResourcesBuildPhase;
			buildActionMask = 2147483647;
			files = (
				5C8016192BC788DF00BEEEB4 /* Preview Assets.xcassets in Resources */,
				5C672A7F2BCA68FD004B3DCB /* warawara.gif in Resources */,
				5C8016162BC788DF00BEEEB4 /* Assets.xcassets in Resources */,
			);
			runOnlyForDeploymentPostprocessing = 0;
		};
/* End PBXResourcesBuildPhase section */

/* Begin PBXSourcesBuildPhase section */
		5C80160A2BC788DE00BEEEB4 /* Sources */ = {
			isa = PBXSourcesBuildPhase;
			buildActionMask = 2147483647;
			files = (
				5C8016222BC7A18900BEEEB4 /* SplashView.swift in Sources */,
				5C9BED232BC7A3B900861FA2 /* MypageView.swift in Sources */,
				5CB0CE4F2BCD5F040092B9C6 /* ItemAddView.swift in Sources */,
				5CEB13FC2BCCFC9C00DA29F9 /* ItemShowSheetView.swift in Sources */,
				5CB0CE582BCD85410092B9C6 /* ItemCell.swift in Sources */,
				5C9BED202BC7A3A200861FA2 /* HomeView.swift in Sources */,
				5C8016142BC788DE00BEEEB4 /* ContentView.swift in Sources */,
				5C5B493D2BC8532100AA45A0 /* RowLogoMoving.swift in Sources */,
				5CCA384A2BCD463400A6D3EE /* CheckBoxCell.swift in Sources */,
				5C9BED1E2BC7A2EF00861FA2 /* Color+hexColor.swift in Sources */,
				5C5B493B2BC8531500AA45A0 /* GifImage.swift in Sources */,
				5CEB13FA2BCCFA3D00DA29F9 /* CalendarView.swift in Sources */,
				5C8016122BC788DE00BEEEB4 /* WhyDoYouLiveLikeThatApp.swift in Sources */,
				5CB0CE532BCD644F0092B9C6 /* Date + DateFormatter.swift in Sources */,
			);
			runOnlyForDeploymentPostprocessing = 0;
		};
/* End PBXSourcesBuildPhase section */

/* Begin XCBuildConfiguration section */
		5C80161A2BC788DF00BEEEB4 /* Debug */ = {
			isa = XCBuildConfiguration;
			buildSettings = {
				ALWAYS_SEARCH_USER_PATHS = NO;
				ASSETCATALOG_COMPILER_GENERATE_SWIFT_ASSET_SYMBOL_EXTENSIONS = YES;
				CLANG_ANALYZER_NONNULL = YES;
				CLANG_ANALYZER_NUMBER_OBJECT_CONVERSION = YES_AGGRESSIVE;
				CLANG_CXX_LANGUAGE_STANDARD = "gnu++20";
				CLANG_ENABLE_MODULES = YES;
				CLANG_ENABLE_OBJC_ARC = YES;
				CLANG_ENABLE_OBJC_WEAK = YES;
				CLANG_WARN_BLOCK_CAPTURE_AUTORELEASING = YES;
				CLANG_WARN_BOOL_CONVERSION = YES;
				CLANG_WARN_COMMA = YES;
				CLANG_WARN_CONSTANT_CONVERSION = YES;
				CLANG_WARN_DEPRECATED_OBJC_IMPLEMENTATIONS = YES;
				CLANG_WARN_DIRECT_OBJC_ISA_USAGE = YES_ERROR;
				CLANG_WARN_DOCUMENTATION_COMMENTS = YES;
				CLANG_WARN_EMPTY_BODY = YES;
				CLANG_WARN_ENUM_CONVERSION = YES;
				CLANG_WARN_INFINITE_RECURSION = YES;
				CLANG_WARN_INT_CONVERSION = YES;
				CLANG_WARN_NON_LITERAL_NULL_CONVERSION = YES;
				CLANG_WARN_OBJC_IMPLICIT_RETAIN_SELF = YES;
				CLANG_WARN_OBJC_LITERAL_CONVERSION = YES;
				CLANG_WARN_OBJC_ROOT_CLASS = YES_ERROR;
				CLANG_WARN_QUOTED_INCLUDE_IN_FRAMEWORK_HEADER = YES;
				CLANG_WARN_RANGE_LOOP_ANALYSIS = YES;
				CLANG_WARN_STRICT_PROTOTYPES = YES;
				CLANG_WARN_SUSPICIOUS_MOVE = YES;
				CLANG_WARN_UNGUARDED_AVAILABILITY = YES_AGGRESSIVE;
				CLANG_WARN_UNREACHABLE_CODE = YES;
				CLANG_WARN__DUPLICATE_METHOD_MATCH = YES;
				COPY_PHASE_STRIP = NO;
				DEBUG_INFORMATION_FORMAT = dwarf;
				ENABLE_STRICT_OBJC_MSGSEND = YES;
				ENABLE_TESTABILITY = YES;
				ENABLE_USER_SCRIPT_SANDBOXING = YES;
				GCC_C_LANGUAGE_STANDARD = gnu17;
				GCC_DYNAMIC_NO_PIC = NO;
				GCC_NO_COMMON_BLOCKS = YES;
				GCC_OPTIMIZATION_LEVEL = 0;
				GCC_PREPROCESSOR_DEFINITIONS = (
					"DEBUG=1",
					"$(inherited)",
				);
				GCC_WARN_64_TO_32_BIT_CONVERSION = YES;
				GCC_WARN_ABOUT_RETURN_TYPE = YES_ERROR;
				GCC_WARN_UNDECLARED_SELECTOR = YES;
				GCC_WARN_UNINITIALIZED_AUTOS = YES_AGGRESSIVE;
				GCC_WARN_UNUSED_FUNCTION = YES;
				GCC_WARN_UNUSED_VARIABLE = YES;
				IPHONEOS_DEPLOYMENT_TARGET = 17.4;
				LOCALIZATION_PREFERS_STRING_CATALOGS = YES;
				MTL_ENABLE_DEBUG_INFO = INCLUDE_SOURCE;
				MTL_FAST_MATH = YES;
				ONLY_ACTIVE_ARCH = YES;
				SDKROOT = iphoneos;
				SWIFT_ACTIVE_COMPILATION_CONDITIONS = "DEBUG $(inherited)";
				SWIFT_OPTIMIZATION_LEVEL = "-Onone";
			};
			name = Debug;
		};
		5C80161B2BC788DF00BEEEB4 /* Release */ = {
			isa = XCBuildConfiguration;
			buildSettings = {
				ALWAYS_SEARCH_USER_PATHS = NO;
				ASSETCATALOG_COMPILER_GENERATE_SWIFT_ASSET_SYMBOL_EXTENSIONS = YES;
				CLANG_ANALYZER_NONNULL = YES;
				CLANG_ANALYZER_NUMBER_OBJECT_CONVERSION = YES_AGGRESSIVE;
				CLANG_CXX_LANGUAGE_STANDARD = "gnu++20";
				CLANG_ENABLE_MODULES = YES;
				CLANG_ENABLE_OBJC_ARC = YES;
				CLANG_ENABLE_OBJC_WEAK = YES;
				CLANG_WARN_BLOCK_CAPTURE_AUTORELEASING = YES;
				CLANG_WARN_BOOL_CONVERSION = YES;
				CLANG_WARN_COMMA = YES;
				CLANG_WARN_CONSTANT_CONVERSION = YES;
				CLANG_WARN_DEPRECATED_OBJC_IMPLEMENTATIONS = YES;
				CLANG_WARN_DIRECT_OBJC_ISA_USAGE = YES_ERROR;
				CLANG_WARN_DOCUMENTATION_COMMENTS = YES;
				CLANG_WARN_EMPTY_BODY = YES;
				CLANG_WARN_ENUM_CONVERSION = YES;
				CLANG_WARN_INFINITE_RECURSION = YES;
				CLANG_WARN_INT_CONVERSION = YES;
				CLANG_WARN_NON_LITERAL_NULL_CONVERSION = YES;
				CLANG_WARN_OBJC_IMPLICIT_RETAIN_SELF = YES;
				CLANG_WARN_OBJC_LITERAL_CONVERSION = YES;
				CLANG_WARN_OBJC_ROOT_CLASS = YES_ERROR;
				CLANG_WARN_QUOTED_INCLUDE_IN_FRAMEWORK_HEADER = YES;
				CLANG_WARN_RANGE_LOOP_ANALYSIS = YES;
				CLANG_WARN_STRICT_PROTOTYPES = YES;
				CLANG_WARN_SUSPICIOUS_MOVE = YES;
				CLANG_WARN_UNGUARDED_AVAILABILITY = YES_AGGRESSIVE;
				CLANG_WARN_UNREACHABLE_CODE = YES;
				CLANG_WARN__DUPLICATE_METHOD_MATCH = YES;
				COPY_PHASE_STRIP = NO;
				DEBUG_INFORMATION_FORMAT = "dwarf-with-dsym";
				ENABLE_NS_ASSERTIONS = NO;
				ENABLE_STRICT_OBJC_MSGSEND = YES;
				ENABLE_USER_SCRIPT_SANDBOXING = YES;
				GCC_C_LANGUAGE_STANDARD = gnu17;
				GCC_NO_COMMON_BLOCKS = YES;
				GCC_WARN_64_TO_32_BIT_CONVERSION = YES;
				GCC_WARN_ABOUT_RETURN_TYPE = YES_ERROR;
				GCC_WARN_UNDECLARED_SELECTOR = YES;
				GCC_WARN_UNINITIALIZED_AUTOS = YES_AGGRESSIVE;
				GCC_WARN_UNUSED_FUNCTION = YES;
				GCC_WARN_UNUSED_VARIABLE = YES;
				IPHONEOS_DEPLOYMENT_TARGET = 17.4;
				LOCALIZATION_PREFERS_STRING_CATALOGS = YES;
				MTL_ENABLE_DEBUG_INFO = NO;
				MTL_FAST_MATH = YES;
				SDKROOT = iphoneos;
				SWIFT_COMPILATION_MODE = wholemodule;
				VALIDATE_PRODUCT = YES;
			};
			name = Release;
		};
		5C80161D2BC788DF00BEEEB4 /* Debug */ = {
			isa = XCBuildConfiguration;
			buildSettings = {
				ASSETCATALOG_COMPILER_APPICON_NAME = AppIcon;
				ASSETCATALOG_COMPILER_GLOBAL_ACCENT_COLOR_NAME = AccentColor;
				CODE_SIGN_STYLE = Automatic;
				CURRENT_PROJECT_VERSION = 1;
				DEVELOPMENT_ASSET_PATHS = "\"WhyDoYouLiveLikeThat/Preview Content\"";
				DEVELOPMENT_TEAM = DM3CXND59Y;
				ENABLE_PREVIEWS = YES;
				GENERATE_INFOPLIST_FILE = YES;
				INFOPLIST_KEY_UIApplicationSceneManifest_Generation = YES;
				INFOPLIST_KEY_UIApplicationSupportsIndirectInputEvents = YES;
				INFOPLIST_KEY_UILaunchScreen_Generation = YES;
				INFOPLIST_KEY_UISupportedInterfaceOrientations_iPad = "UIInterfaceOrientationPortrait UIInterfaceOrientationPortraitUpsideDown UIInterfaceOrientationLandscapeLeft UIInterfaceOrientationLandscapeRight";
				INFOPLIST_KEY_UISupportedInterfaceOrientations_iPhone = "UIInterfaceOrientationPortrait UIInterfaceOrientationLandscapeLeft UIInterfaceOrientationLandscapeRight";
				LD_RUNPATH_SEARCH_PATHS = (
					"$(inherited)",
					"@executable_path/Frameworks",
				);
				MARKETING_VERSION = 1.0;
				PRODUCT_BUNDLE_IDENTIFIER = com.yegang.WhyDoYouLiveLikeThat;
				PRODUCT_NAME = "$(TARGET_NAME)";
				SWIFT_EMIT_LOC_STRINGS = YES;
				SWIFT_VERSION = 5.0;
				TARGETED_DEVICE_FAMILY = "1,2";
			};
			name = Debug;
		};
		5C80161E2BC788DF00BEEEB4 /* Release */ = {
			isa = XCBuildConfiguration;
			buildSettings = {
				ASSETCATALOG_COMPILER_APPICON_NAME = AppIcon;
				ASSETCATALOG_COMPILER_GLOBAL_ACCENT_COLOR_NAME = AccentColor;
				CODE_SIGN_STYLE = Automatic;
				CURRENT_PROJECT_VERSION = 1;
				DEVELOPMENT_ASSET_PATHS = "\"WhyDoYouLiveLikeThat/Preview Content\"";
				DEVELOPMENT_TEAM = DM3CXND59Y;
				ENABLE_PREVIEWS = YES;
				GENERATE_INFOPLIST_FILE = YES;
				INFOPLIST_KEY_UIApplicationSceneManifest_Generation = YES;
				INFOPLIST_KEY_UIApplicationSupportsIndirectInputEvents = YES;
				INFOPLIST_KEY_UILaunchScreen_Generation = YES;
				INFOPLIST_KEY_UISupportedInterfaceOrientations_iPad = "UIInterfaceOrientationPortrait UIInterfaceOrientationPortraitUpsideDown UIInterfaceOrientationLandscapeLeft UIInterfaceOrientationLandscapeRight";
				INFOPLIST_KEY_UISupportedInterfaceOrientations_iPhone = "UIInterfaceOrientationPortrait UIInterfaceOrientationLandscapeLeft UIInterfaceOrientationLandscapeRight";
				LD_RUNPATH_SEARCH_PATHS = (
					"$(inherited)",
					"@executable_path/Frameworks",
				);
				MARKETING_VERSION = 1.0;
				PRODUCT_BUNDLE_IDENTIFIER = com.yegang.WhyDoYouLiveLikeThat;
				PRODUCT_NAME = "$(TARGET_NAME)";
				SWIFT_EMIT_LOC_STRINGS = YES;
				SWIFT_VERSION = 5.0;
				TARGETED_DEVICE_FAMILY = "1,2";
			};
			name = Release;
		};
/* End XCBuildConfiguration section */

/* Begin XCConfigurationList section */
		5C8016092BC788DE00BEEEB4 /* Build configuration list for PBXProject "WhyDoYouLiveLikeThat" */ = {
			isa = XCConfigurationList;
			buildConfigurations = (
				5C80161A2BC788DF00BEEEB4 /* Debug */,
				5C80161B2BC788DF00BEEEB4 /* Release */,
			);
			defaultConfigurationIsVisible = 0;
			defaultConfigurationName = Release;
		};
		5C80161C2BC788DF00BEEEB4 /* Build configuration list for PBXNativeTarget "WhyDoYouLiveLikeThat" */ = {
			isa = XCConfigurationList;
			buildConfigurations = (
				5C80161D2BC788DF00BEEEB4 /* Debug */,
				5C80161E2BC788DF00BEEEB4 /* Release */,
			);
			defaultConfigurationIsVisible = 0;
			defaultConfigurationName = Release;
		};
/* End XCConfigurationList section */
	};
	rootObject = 5C8016062BC788DE00BEEEB4 /* Project object */;
}
